{
  "name": "application.a",
  "version": "1.0.0",
  "lockfileVersion": 3,
  "requires": true,
  "packages": {
    "": {
      "name": "application.a",
      "version": "1.0.0",
      "dependencies": {
        "collection": "file:../collection",
        "library.d": "file:../library.d"
      }
    },
    "node_modules/collection": {
      "version": "1.0.0",
      "resolved": "file:../collection",
      "workspaces": [
        "library.a",
        "library.b",
        "library.c"
      ],
      "dependencies": {
        "library.d": "file:../library.d"
      }
    },
    "node_modules/library.d": {
      "version": "1.0.0",
      "resolved": "file:../library.d"
    }
  }
}
